{
  "originHash" : "632cba53016eb3637a162e1317953e1727935c0261301082cf96ebd421c95c29",
  "pins" : [
    {
      "identity" : "swift-toolchain-sqlite",
      "kind" : "remoteSourceControl",
      "location" : "https://github.com/swiftlang/swift-toolchain-sqlite.git",
      "state" : {
        "revision" : "cc7ea00f730c2234a332cd264c6e5cdbb6c4f971",
        "version" : "1.0.12"
      }
    }
  ],
  "version" : 3
}
